
Microsoft Visual Studio Solution File, Format Version 9.00
# Visual Studio 2005
Project("{FAE04EC0-301F-11D3-BF4B-00C04F79EFBC}") = "webshotex", "webshotex.csproj", "{BBBD74C6-9ED5-427D-9AFF-69B9E2008BFD}"
EndProject
Global
	GlobalSection(SolutionConfigurationPlatforms) = preSolution
		Debug|Any CPU = Debug|Any CPU
		Release|Any CPU = Release|Any CPU
	EndGlobalSection
	GlobalSection(ProjectConfigurationPlatforms) = postSolution
		{BBBD74C6-9ED5-427D-9AFF-69B9E2008BFD}.Debug|Any CPU.ActiveCfg = Debug|Any CPU
		{BBBD74C6-9ED5-427D-9AFF-69B9E2008BFD}.Debug|Any CPU.Build.0 = Debug|Any CPU
		{BBBD74C6-9ED5-427D-9AFF-69B9E2008BFD}.Release|Any CPU.ActiveCfg = Release|Any CPU
		{BBBD74C6-9ED5-427D-9AFF-69B9E2008BFD}.Release|Any CPU.Build.0 = Release|Any CPU
	EndGlobalSection
	GlobalSection(SolutionProperties) = preSolution
		HideSolutionNode = FALSE
	EndGlobalSection
EndGlobal
